<Solution>
  <Project Path="Api/Api.csproj" />
  <Project Path="Domain/Domain.csproj" />
  <Project Path="DomainService/DomainService.csproj" />
  <Project Path="Dto/Dto.csproj" />
  <Project Path="Exceptions/Exceptions.csproj" />
  <Project Path="Facade/Facade.csproj" />
  <Project Path="Infrastructure/Infrastructure.csproj" />
</Solution>
